# This file is autogenerated, do not edit; changes may be undone by the next 'dep ensure'.


[[projects]]
  branch = "master"
  name = "emersyx.net/emersyx_apis"
  packages = ["emcomapi","emircapi","emtgapi"]
  revision = "086e395beaab47f3779b4c6decba75e25c1c0f0b"

[[projects]]
  branch = "master"
  name = "emersyx.net/emersyx_log"
  packages = ["emlog"]
  revision = "9429657b411b6d0eb366a6659d90773bcb79f080"

[[projects]]
  name = "github.com/BurntSushi/toml"
  packages = ["."]
  revision = "b26d9c308763d68093482582cea63d69be07a0f0"
  version = "v0.3.0"

[solve-meta]
  analyzer-name = "dep"
  analyzer-version = 1
  inputs-digest = "774067ea0e1bdd38b8a695187e76911477d915874835a218bd467ac907eab937"
  solver-name = "gps-cdcl"
  solver-version = 1
