# This file is autogenerated, do not edit; changes may be undone by the next 'dep ensure'.


[[projects]]
  branch = "master"
  name = "emersyx.net/emersyx_apis"
  packages = ["emcomapi"]
  revision = "be2b61d027a937f05ee7dd2170c8028e9d131461"

[[projects]]
  name = "github.com/BurntSushi/toml"
  packages = ["."]
  revision = "b26d9c308763d68093482582cea63d69be07a0f0"
  version = "v0.3.0"

[solve-meta]
  analyzer-name = "dep"
  analyzer-version = 1
  inputs-digest = "592513f0e8da777b428d1ee96e082d49c4ba1ad6fcf7794652b8eded7607b38e"
  solver-name = "gps-cdcl"
  solver-version = 1
